{
  "name": "arena-helper",
  "lockfileVersion": 3,
  "requires": true,
  "packages": {
    "": {
      "dependencies": {
        "mtga-log-parser": "^4.1.0"
      }
    },
    "node_modules/mtga-log-parser": {
      "version": "4.1.0",
      "resolved": "https://registry.npmjs.org/mtga-log-parser/-/mtga-log-parser-4.1.0.tgz",
      "integrity": "sha512-YwZA4fs/B9jL0fLkKtQYhQd2TXTb2WMUZ1LgwK8GP/HtWgnElxM53WPZ3W7a2gPqQEX1H3/ktVg5z9Q6FSvSmw==",
      "license": "MIT",
      "engines": {
        "node": ">=18"
      }
    }
  }
}
